
Microsoft Visual Studio Solution File, Format Version 12.00
# Visual Studio 14
VisualStudioVersion = 14.0.25420.1
MinimumVisualStudioVersion = 10.0.40219.1
Project("{FAE04EC0-301F-11D3-BF4B-00C04F79EFBC}") = "UGELNorte.Resoluciones.Presentation", "UGELNorte.Resoluciones.Presentation\UGELNorte.Resoluciones.Presentation.csproj", "{B29BB8A9-8D6D-4792-8DDD-368967A1E119}"
EndProject
Project("{FAE04EC0-301F-11D3-BF4B-00C04F79EFBC}") = "UGELNorte.Resoluciones.DataAccess", "UGELNorte.Resoluciones.DataAccess\UGELNorte.Resoluciones.DataAccess.csproj", "{8255F3B3-54A5-44FD-84C5-22DA91495054}"
EndProject
Project("{FAE04EC0-301F-11D3-BF4B-00C04F79EFBC}") = "UGELNorte.Resoluciones.BusinessLogic", "UGELNorte.Resoluciones.BusinessLogic\UGELNorte.Resoluciones.BusinessLogic.csproj", "{095B77FF-C6BF-4DA7-8D16-1AED2C53FBDD}"
EndProject
Project("{FAE04EC0-301F-11D3-BF4B-00C04F79EFBC}") = "UGELNorte.Resoluciones.Core", "UGELNorte.Resoluciones.Core\UGELNorte.Resoluciones.Core.csproj", "{53596D93-C3C1-4F17-809E-7330FBD8E01C}"
EndProject
Project("{6141683F-8A12-4E36-9623-2EB02B2C2303}") = "UGELNorte.Resoluciones.Setup", "UGELNorte.Resoluciones.Setup\UGELNorte.Resoluciones.Setup.isproj", "{7DEEB8F3-F2B9-41A2-8567-D89DCE5DB3C1}"
	ProjectSection(ProjectDependencies) = postProject
		{53596D93-C3C1-4F17-809E-7330FBD8E01C} = {53596D93-C3C1-4F17-809E-7330FBD8E01C}
		{B29BB8A9-8D6D-4792-8DDD-368967A1E119} = {B29BB8A9-8D6D-4792-8DDD-368967A1E119}
		{8255F3B3-54A5-44FD-84C5-22DA91495054} = {8255F3B3-54A5-44FD-84C5-22DA91495054}
		{095B77FF-C6BF-4DA7-8D16-1AED2C53FBDD} = {095B77FF-C6BF-4DA7-8D16-1AED2C53FBDD}
	EndProjectSection
EndProject
Global
	GlobalSection(SolutionConfigurationPlatforms) = preSolution
		CD_ROM|Any CPU = CD_ROM|Any CPU
		Debug|Any CPU = Debug|Any CPU
		DVD-5|Any CPU = DVD-5|Any CPU
		Release|Any CPU = Release|Any CPU
		SingleImage|Any CPU = SingleImage|Any CPU
	EndGlobalSection
	GlobalSection(ProjectConfigurationPlatforms) = postSolution
		{B29BB8A9-8D6D-4792-8DDD-368967A1E119}.CD_ROM|Any CPU.ActiveCfg = Release|Any CPU
		{B29BB8A9-8D6D-4792-8DDD-368967A1E119}.CD_ROM|Any CPU.Build.0 = Release|Any CPU
		{B29BB8A9-8D6D-4792-8DDD-368967A1E119}.Debug|Any CPU.ActiveCfg = Debug|Any CPU
		{B29BB8A9-8D6D-4792-8DDD-368967A1E119}.Debug|Any CPU.Build.0 = Debug|Any CPU
		{B29BB8A9-8D6D-4792-8DDD-368967A1E119}.DVD-5|Any CPU.ActiveCfg = Debug|Any CPU
		{B29BB8A9-8D6D-4792-8DDD-368967A1E119}.DVD-5|Any CPU.Build.0 = Debug|Any CPU
		{B29BB8A9-8D6D-4792-8DDD-368967A1E119}.Release|Any CPU.ActiveCfg = Release|Any CPU
		{B29BB8A9-8D6D-4792-8DDD-368967A1E119}.Release|Any CPU.Build.0 = Release|Any CPU
		{B29BB8A9-8D6D-4792-8DDD-368967A1E119}.SingleImage|Any CPU.ActiveCfg = Release|Any CPU
		{B29BB8A9-8D6D-4792-8DDD-368967A1E119}.SingleImage|Any CPU.Build.0 = Release|Any CPU
		{8255F3B3-54A5-44FD-84C5-22DA91495054}.CD_ROM|Any CPU.ActiveCfg = Release|Any CPU
		{8255F3B3-54A5-44FD-84C5-22DA91495054}.CD_ROM|Any CPU.Build.0 = Release|Any CPU
		{8255F3B3-54A5-44FD-84C5-22DA91495054}.Debug|Any CPU.ActiveCfg = Debug|Any CPU
		{8255F3B3-54A5-44FD-84C5-22DA91495054}.Debug|Any CPU.Build.0 = Debug|Any CPU
		{8255F3B3-54A5-44FD-84C5-22DA91495054}.DVD-5|Any CPU.ActiveCfg = Debug|Any CPU
		{8255F3B3-54A5-44FD-84C5-22DA91495054}.DVD-5|Any CPU.Build.0 = Debug|Any CPU
		{8255F3B3-54A5-44FD-84C5-22DA91495054}.Release|Any CPU.ActiveCfg = Release|Any CPU
		{8255F3B3-54A5-44FD-84C5-22DA91495054}.Release|Any CPU.Build.0 = Release|Any CPU
		{8255F3B3-54A5-44FD-84C5-22DA91495054}.SingleImage|Any CPU.ActiveCfg = Release|Any CPU
		{8255F3B3-54A5-44FD-84C5-22DA91495054}.SingleImage|Any CPU.Build.0 = Release|Any CPU
		{095B77FF-C6BF-4DA7-8D16-1AED2C53FBDD}.CD_ROM|Any CPU.ActiveCfg = Release|Any CPU
		{095B77FF-C6BF-4DA7-8D16-1AED2C53FBDD}.CD_ROM|Any CPU.Build.0 = Release|Any CPU
		{095B77FF-C6BF-4DA7-8D16-1AED2C53FBDD}.Debug|Any CPU.ActiveCfg = Debug|Any CPU
		{095B77FF-C6BF-4DA7-8D16-1AED2C53FBDD}.Debug|Any CPU.Build.0 = Debug|Any CPU
		{095B77FF-C6BF-4DA7-8D16-1AED2C53FBDD}.DVD-5|Any CPU.ActiveCfg = Debug|Any CPU
		{095B77FF-C6BF-4DA7-8D16-1AED2C53FBDD}.DVD-5|Any CPU.Build.0 = Debug|Any CPU
		{095B77FF-C6BF-4DA7-8D16-1AED2C53FBDD}.Release|Any CPU.ActiveCfg = Release|Any CPU
		{095B77FF-C6BF-4DA7-8D16-1AED2C53FBDD}.Release|Any CPU.Build.0 = Release|Any CPU
		{095B77FF-C6BF-4DA7-8D16-1AED2C53FBDD}.SingleImage|Any CPU.ActiveCfg = Release|Any CPU
		{095B77FF-C6BF-4DA7-8D16-1AED2C53FBDD}.SingleImage|Any CPU.Build.0 = Release|Any CPU
		{53596D93-C3C1-4F17-809E-7330FBD8E01C}.CD_ROM|Any CPU.ActiveCfg = Release|Any CPU
		{53596D93-C3C1-4F17-809E-7330FBD8E01C}.CD_ROM|Any CPU.Build.0 = Release|Any CPU
		{53596D93-C3C1-4F17-809E-7330FBD8E01C}.Debug|Any CPU.ActiveCfg = Debug|Any CPU
		{53596D93-C3C1-4F17-809E-7330FBD8E01C}.Debug|Any CPU.Build.0 = Debug|Any CPU
		{53596D93-C3C1-4F17-809E-7330FBD8E01C}.DVD-5|Any CPU.ActiveCfg = Debug|Any CPU
		{53596D93-C3C1-4F17-809E-7330FBD8E01C}.DVD-5|Any CPU.Build.0 = Debug|Any CPU
		{53596D93-C3C1-4F17-809E-7330FBD8E01C}.Release|Any CPU.ActiveCfg = Release|Any CPU
		{53596D93-C3C1-4F17-809E-7330FBD8E01C}.Release|Any CPU.Build.0 = Release|Any CPU
		{53596D93-C3C1-4F17-809E-7330FBD8E01C}.SingleImage|Any CPU.ActiveCfg = Release|Any CPU
		{53596D93-C3C1-4F17-809E-7330FBD8E01C}.SingleImage|Any CPU.Build.0 = Release|Any CPU
		{7DEEB8F3-F2B9-41A2-8567-D89DCE5DB3C1}.CD_ROM|Any CPU.ActiveCfg = CD_ROM
		{7DEEB8F3-F2B9-41A2-8567-D89DCE5DB3C1}.CD_ROM|Any CPU.Build.0 = CD_ROM
		{7DEEB8F3-F2B9-41A2-8567-D89DCE5DB3C1}.Debug|Any CPU.ActiveCfg = DVD-5
		{7DEEB8F3-F2B9-41A2-8567-D89DCE5DB3C1}.Debug|Any CPU.Build.0 = DVD-5
		{7DEEB8F3-F2B9-41A2-8567-D89DCE5DB3C1}.DVD-5|Any CPU.ActiveCfg = DVD-5
		{7DEEB8F3-F2B9-41A2-8567-D89DCE5DB3C1}.DVD-5|Any CPU.Build.0 = DVD-5
		{7DEEB8F3-F2B9-41A2-8567-D89DCE5DB3C1}.Release|Any CPU.ActiveCfg = SingleImage
		{7DEEB8F3-F2B9-41A2-8567-D89DCE5DB3C1}.Release|Any CPU.Build.0 = SingleImage
		{7DEEB8F3-F2B9-41A2-8567-D89DCE5DB3C1}.SingleImage|Any CPU.ActiveCfg = SingleImage
		{7DEEB8F3-F2B9-41A2-8567-D89DCE5DB3C1}.SingleImage|Any CPU.Build.0 = SingleImage
	EndGlobalSection
	GlobalSection(SolutionProperties) = preSolution
		HideSolutionNode = FALSE
	EndGlobalSection
EndGlobal
